
Microsoft Visual Studio Solution File, Format Version 12.00
# Visual Studio 15
VisualStudioVersion = 15.0.27428.2037
MinimumVisualStudioVersion = 10.0.40219.1
Project("{FAE04EC0-301F-11D3-BF4B-00C04F79EFBC}") = "CustomerInfoApp.API", "CustomerInfoApp.API\CustomerInfoApp.API.csproj", "{2A7FC19A-4463-4A26-9E8F-5037395AEE7F}"
EndProject
Project("{FAE04EC0-301F-11D3-BF4B-00C04F79EFBC}") = "CustomerInfoApp.API.Tests", "CustomerInfoApp.API.Tests\CustomerInfoApp.API.Tests.csproj", "{0DA1F92E-B69D-48CD-AAA8-DA084258D839}"
EndProject
Project("{FAE04EC0-301F-11D3-BF4B-00C04F79EFBC}") = "CustomerInfoApp.Models", "CustomerInfoApp.Models\CustomerInfoApp.Models.csproj", "{B5AA531B-C5E9-4EEE-B0D8-288A7FA47A06}"
EndProject
Project("{FAE04EC0-301F-11D3-BF4B-00C04F79EFBC}") = "CustomerInfoApp.Repositories", "CustomerInfoApp.Repository\CustomerInfoApp.Repositories.csproj", "{52FED66B-422F-447B-B775-AB2D99CE16D1}"
EndProject
Project("{FAE04EC0-301F-11D3-BF4B-00C04F79EFBC}") = "CustomerInfoApp.Services", "CustomerInfoApp.Service\CustomerInfoApp.Services.csproj", "{2CFDA1AF-862A-4B1B-A59F-0FF4DECFAD8F}"
EndProject
Project("{FAE04EC0-301F-11D3-BF4B-00C04F79EFBC}") = "CustomerInfoApp.Contracts", "CustomerInfoApp.Contracts\CustomerInfoApp.Contracts.csproj", "{4A2C54C4-46EB-49A3-8D06-E7D51CE30D38}"
EndProject
Project("{FAE04EC0-301F-11D3-BF4B-00C04F79EFBC}") = "CustomerInfoApp.Mappers", "CustomerInfoApp.Mappers\CustomerInfoApp.Mappers.csproj", "{AC82AF85-89A0-4C96-B0F0-1BACD4E3009A}"
EndProject
Global
	GlobalSection(SolutionConfigurationPlatforms) = preSolution
		Debug|Any CPU = Debug|Any CPU
		Release|Any CPU = Release|Any CPU
	EndGlobalSection
	GlobalSection(ProjectConfigurationPlatforms) = postSolution
		{2A7FC19A-4463-4A26-9E8F-5037395AEE7F}.Debug|Any CPU.ActiveCfg = Debug|Any CPU
		{2A7FC19A-4463-4A26-9E8F-5037395AEE7F}.Debug|Any CPU.Build.0 = Debug|Any CPU
		{2A7FC19A-4463-4A26-9E8F-5037395AEE7F}.Release|Any CPU.ActiveCfg = Release|Any CPU
		{2A7FC19A-4463-4A26-9E8F-5037395AEE7F}.Release|Any CPU.Build.0 = Release|Any CPU
		{0DA1F92E-B69D-48CD-AAA8-DA084258D839}.Debug|Any CPU.ActiveCfg = Debug|Any CPU
		{0DA1F92E-B69D-48CD-AAA8-DA084258D839}.Debug|Any CPU.Build.0 = Debug|Any CPU
		{0DA1F92E-B69D-48CD-AAA8-DA084258D839}.Release|Any CPU.ActiveCfg = Release|Any CPU
		{0DA1F92E-B69D-48CD-AAA8-DA084258D839}.Release|Any CPU.Build.0 = Release|Any CPU
		{B5AA531B-C5E9-4EEE-B0D8-288A7FA47A06}.Debug|Any CPU.ActiveCfg = Debug|Any CPU
		{B5AA531B-C5E9-4EEE-B0D8-288A7FA47A06}.Debug|Any CPU.Build.0 = Debug|Any CPU
		{B5AA531B-C5E9-4EEE-B0D8-288A7FA47A06}.Release|Any CPU.ActiveCfg = Release|Any CPU
		{B5AA531B-C5E9-4EEE-B0D8-288A7FA47A06}.Release|Any CPU.Build.0 = Release|Any CPU
		{52FED66B-422F-447B-B775-AB2D99CE16D1}.Debug|Any CPU.ActiveCfg = Debug|Any CPU
		{52FED66B-422F-447B-B775-AB2D99CE16D1}.Debug|Any CPU.Build.0 = Debug|Any CPU
		{52FED66B-422F-447B-B775-AB2D99CE16D1}.Release|Any CPU.ActiveCfg = Release|Any CPU
		{52FED66B-422F-447B-B775-AB2D99CE16D1}.Release|Any CPU.Build.0 = Release|Any CPU
		{2CFDA1AF-862A-4B1B-A59F-0FF4DECFAD8F}.Debug|Any CPU.ActiveCfg = Debug|Any CPU
		{2CFDA1AF-862A-4B1B-A59F-0FF4DECFAD8F}.Debug|Any CPU.Build.0 = Debug|Any CPU
		{2CFDA1AF-862A-4B1B-A59F-0FF4DECFAD8F}.Release|Any CPU.ActiveCfg = Release|Any CPU
		{2CFDA1AF-862A-4B1B-A59F-0FF4DECFAD8F}.Release|Any CPU.Build.0 = Release|Any CPU
		{4A2C54C4-46EB-49A3-8D06-E7D51CE30D38}.Debug|Any CPU.ActiveCfg = Debug|Any CPU
		{4A2C54C4-46EB-49A3-8D06-E7D51CE30D38}.Debug|Any CPU.Build.0 = Debug|Any CPU
		{4A2C54C4-46EB-49A3-8D06-E7D51CE30D38}.Release|Any CPU.ActiveCfg = Release|Any CPU
		{4A2C54C4-46EB-49A3-8D06-E7D51CE30D38}.Release|Any CPU.Build.0 = Release|Any CPU
		{AC82AF85-89A0-4C96-B0F0-1BACD4E3009A}.Debug|Any CPU.ActiveCfg = Debug|Any CPU
		{AC82AF85-89A0-4C96-B0F0-1BACD4E3009A}.Debug|Any CPU.Build.0 = Debug|Any CPU
		{AC82AF85-89A0-4C96-B0F0-1BACD4E3009A}.Release|Any CPU.ActiveCfg = Release|Any CPU
		{AC82AF85-89A0-4C96-B0F0-1BACD4E3009A}.Release|Any CPU.Build.0 = Release|Any CPU
	EndGlobalSection
	GlobalSection(SolutionProperties) = preSolution
		HideSolutionNode = FALSE
	EndGlobalSection
	GlobalSection(ExtensibilityGlobals) = postSolution
		SolutionGuid = {88D7ACB9-6D3C-435F-96A5-63B542580C8D}
	EndGlobalSection
EndGlobal
